
Microsoft Visual Studio Solution File, Format Version 12.00
# Visual Studio Version 16
VisualStudioVersion = 16.0.31005.135
MinimumVisualStudioVersion = 10.0.40219.1
Project("{8BC9CEB8-8B4A-11D0-8D11-00A0C91BC942}") = "net_hooks", "net_hooks.vcxproj", "{27623F5E-1861-4B68-BE01-138ADD6B0AF8}"
EndProject
Global
	GlobalSection(SolutionConfigurationPlatforms) = preSolution
		Dbg|x64 = Dbg|x64
		Dbg|x86 = Dbg|x86
		Release|x64 = Release|x64
		Release|x86 = Release|x86
	EndGlobalSection
	GlobalSection(ProjectConfigurationPlatforms) = postSolution
		{27623F5E-1861-4B68-BE01-138ADD6B0AF8}.Dbg|x64.ActiveCfg = Dbg|x64
		{27623F5E-1861-4B68-BE01-138ADD6B0AF8}.Dbg|x64.Build.0 = Dbg|x64
		{27623F5E-1861-4B68-BE01-138ADD6B0AF8}.Dbg|x86.ActiveCfg = Dbg|Win32
		{27623F5E-1861-4B68-BE01-138ADD6B0AF8}.Dbg|x86.Build.0 = Dbg|Win32
		{27623F5E-1861-4B68-BE01-138ADD6B0AF8}.Release|x64.ActiveCfg = Release|x64
		{27623F5E-1861-4B68-BE01-138ADD6B0AF8}.Release|x64.Build.0 = Release|x64
		{27623F5E-1861-4B68-BE01-138ADD6B0AF8}.Release|x86.ActiveCfg = Release|Win32
		{27623F5E-1861-4B68-BE01-138ADD6B0AF8}.Release|x86.Build.0 = Release|Win32
	EndGlobalSection
	GlobalSection(SolutionProperties) = preSolution
		HideSolutionNode = FALSE
	EndGlobalSection
	GlobalSection(ExtensibilityGlobals) = postSolution
		SolutionGuid = {22FAB5CC-26AC-4A76-A97E-91D20EA753AF}
	EndGlobalSection
EndGlobal
